# This file is automatically generated by Poetry to lock dependencies.
[[package]]
name = "fastapi"
version = "0.115.0"
description = "FastAPI framework, high performance, easy to learn, fast to code, ready for production"
category = "main"
optional = false
python-versions = ">=3.8"

[[package]]
name = "uvicorn"
version = "0.31.0"
description = "The lightning-fast ASGI server."
category = "main"
optional = false
python-versions = ">=3.8"

[[package]]
name = "sqlalchemy"
version = "2.0.35"
description = "Database Abstraction Library"
category = "main"
optional = false
python-versions = ">=3.7"

[[package]]
name = "scikit-learn"
version = "1.5.2"
description = "A set of python modules for machine learning and data mining"
category = "main"
optional = false
python-versions = ">=3.9"

[metadata]
lock-version = "2.0"
python-versions = ">=3.10"
content-hash = "c1a2b3c4d5e6f7a8b9c0d1e2f3a4b5c6d7e8f9a0b1c2d3e4f5a6b7c8d9e0f1a2"
